
Microsoft Visual Studio Solution File, Format Version 12.00
# Visual Studio 15
VisualStudioVersion = 15.0.28307.1062
MinimumVisualStudioVersion = 10.0.40219.1
Project("{FAE04EC0-301F-11D3-BF4B-00C04F79EFBC}") = "Baharain_Greetings.Android", "Baharain_Greetings\Baharain_Greetings.Android\Baharain_Greetings.Android.csproj", "{0ABE6FB9-01E6-4DCD-B75C-328E2977BC94}"
EndProject
Project("{FAE04EC0-301F-11D3-BF4B-00C04F79EFBC}") = "Baharain_Greetings.iOS", "Baharain_Greetings\Baharain_Greetings.iOS\Baharain_Greetings.iOS.csproj", "{9BEF1091-7B23-4814-8AD8-0399B51BA06F}"
EndProject
Project("{FAE04EC0-301F-11D3-BF4B-00C04F79EFBC}") = "Baharain_Greetings", "Baharain_Greetings\Baharain_Greetings\Baharain_Greetings.csproj", "{BDF4ACF1-2BE6-4F93-8827-35210BC787C0}"
EndProject
Global
	GlobalSection(SolutionConfigurationPlatforms) = preSolution
		Ad-Hoc|Any CPU = Ad-Hoc|Any CPU
		Ad-Hoc|iPhone = Ad-Hoc|iPhone
		Ad-Hoc|iPhoneSimulator = Ad-Hoc|iPhoneSimulator
		AppStore|Any CPU = AppStore|Any CPU
		AppStore|iPhone = AppStore|iPhone
		AppStore|iPhoneSimulator = AppStore|iPhoneSimulator
		Debug|Any CPU = Debug|Any CPU
		Debug|iPhone = Debug|iPhone
		Debug|iPhoneSimulator = Debug|iPhoneSimulator
		Release|Any CPU = Release|Any CPU
		Release|iPhone = Release|iPhone
		Release|iPhoneSimulator = Release|iPhoneSimulator
	EndGlobalSection
	GlobalSection(ProjectConfigurationPlatforms) = postSolution
		{0ABE6FB9-01E6-4DCD-B75C-328E2977BC94}.Ad-Hoc|Any CPU.ActiveCfg = Release|Any CPU
		{0ABE6FB9-01E6-4DCD-B75C-328E2977BC94}.Ad-Hoc|Any CPU.Build.0 = Release|Any CPU
		{0ABE6FB9-01E6-4DCD-B75C-328E2977BC94}.Ad-Hoc|Any CPU.Deploy.0 = Release|Any CPU
		{0ABE6FB9-01E6-4DCD-B75C-328E2977BC94}.Ad-Hoc|iPhone.ActiveCfg = Release|Any CPU
		{0ABE6FB9-01E6-4DCD-B75C-328E2977BC94}.Ad-Hoc|iPhone.Build.0 = Release|Any CPU
		{0ABE6FB9-01E6-4DCD-B75C-328E2977BC94}.Ad-Hoc|iPhone.Deploy.0 = Release|Any CPU
		{0ABE6FB9-01E6-4DCD-B75C-328E2977BC94}.Ad-Hoc|iPhoneSimulator.ActiveCfg = Release|Any CPU
		{0ABE6FB9-01E6-4DCD-B75C-328E2977BC94}.Ad-Hoc|iPhoneSimulator.Build.0 = Release|Any CPU
		{0ABE6FB9-01E6-4DCD-B75C-328E2977BC94}.Ad-Hoc|iPhoneSimulator.Deploy.0 = Release|Any CPU
		{0ABE6FB9-01E6-4DCD-B75C-328E2977BC94}.AppStore|Any CPU.ActiveCfg = Release|Any CPU
		{0ABE6FB9-01E6-4DCD-B75C-328E2977BC94}.AppStore|Any CPU.Build.0 = Release|Any CPU
		{0ABE6FB9-01E6-4DCD-B75C-328E2977BC94}.AppStore|Any CPU.Deploy.0 = Release|Any CPU
		{0ABE6FB9-01E6-4DCD-B75C-328E2977BC94}.AppStore|iPhone.ActiveCfg = Release|Any CPU
		{0ABE6FB9-01E6-4DCD-B75C-328E2977BC94}.AppStore|iPhone.Build.0 = Release|Any CPU
		{0ABE6FB9-01E6-4DCD-B75C-328E2977BC94}.AppStore|iPhone.Deploy.0 = Release|Any CPU
		{0ABE6FB9-01E6-4DCD-B75C-328E2977BC94}.AppStore|iPhoneSimulator.ActiveCfg = Release|Any CPU
		{0ABE6FB9-01E6-4DCD-B75C-328E2977BC94}.AppStore|iPhoneSimulator.Build.0 = Release|Any CPU
		{0ABE6FB9-01E6-4DCD-B75C-328E2977BC94}.AppStore|iPhoneSimulator.Deploy.0 = Release|Any CPU
		{0ABE6FB9-01E6-4DCD-B75C-328E2977BC94}.Debug|Any CPU.ActiveCfg = Debug|Any CPU
		{0ABE6FB9-01E6-4DCD-B75C-328E2977BC94}.Debug|Any CPU.Build.0 = Debug|Any CPU
		{0ABE6FB9-01E6-4DCD-B75C-328E2977BC94}.Debug|Any CPU.Deploy.0 = Debug|Any CPU
		{0ABE6FB9-01E6-4DCD-B75C-328E2977BC94}.Debug|iPhone.ActiveCfg = Debug|Any CPU
		{0ABE6FB9-01E6-4DCD-B75C-328E2977BC94}.Debug|iPhone.Build.0 = Debug|Any CPU
		{0ABE6FB9-01E6-4DCD-B75C-328E2977BC94}.Debug|iPhone.Deploy.0 = Debug|Any CPU
		{0ABE6FB9-01E6-4DCD-B75C-328E2977BC94}.Debug|iPhoneSimulator.ActiveCfg = Debug|Any CPU
		{0ABE6FB9-01E6-4DCD-B75C-328E2977BC94}.Debug|iPhoneSimulator.Build.0 = Debug|Any CPU
		{0ABE6FB9-01E6-4DCD-B75C-328E2977BC94}.Debug|iPhoneSimulator.Deploy.0 = Debug|Any CPU
		{0ABE6FB9-01E6-4DCD-B75C-328E2977BC94}.Release|Any CPU.ActiveCfg = Release|Any CPU
		{0ABE6FB9-01E6-4DCD-B75C-328E2977BC94}.Release|Any CPU.Build.0 = Release|Any CPU
		{0ABE6FB9-01E6-4DCD-B75C-328E2977BC94}.Release|Any CPU.Deploy.0 = Release|Any CPU
		{0ABE6FB9-01E6-4DCD-B75C-328E2977BC94}.Release|iPhone.ActiveCfg = Release|Any CPU
		{0ABE6FB9-01E6-4DCD-B75C-328E2977BC94}.Release|iPhone.Build.0 = Release|Any CPU
		{0ABE6FB9-01E6-4DCD-B75C-328E2977BC94}.Release|iPhone.Deploy.0 = Release|Any CPU
		{0ABE6FB9-01E6-4DCD-B75C-328E2977BC94}.Release|iPhoneSimulator.ActiveCfg = Release|Any CPU
		{0ABE6FB9-01E6-4DCD-B75C-328E2977BC94}.Release|iPhoneSimulator.Build.0 = Release|Any CPU
		{0ABE6FB9-01E6-4DCD-B75C-328E2977BC94}.Release|iPhoneSimulator.Deploy.0 = Release|Any CPU
		{9BEF1091-7B23-4814-8AD8-0399B51BA06F}.Ad-Hoc|Any CPU.ActiveCfg = Ad-Hoc|iPhone
		{9BEF1091-7B23-4814-8AD8-0399B51BA06F}.Ad-Hoc|Any CPU.Build.0 = Ad-Hoc|iPhone
		{9BEF1091-7B23-4814-8AD8-0399B51BA06F}.Ad-Hoc|Any CPU.Deploy.0 = Ad-Hoc|iPhone
		{9BEF1091-7B23-4814-8AD8-0399B51BA06F}.Ad-Hoc|iPhone.ActiveCfg = Ad-Hoc|iPhone
		{9BEF1091-7B23-4814-8AD8-0399B51BA06F}.Ad-Hoc|iPhone.Build.0 = Ad-Hoc|iPhone
		{9BEF1091-7B23-4814-8AD8-0399B51BA06F}.Ad-Hoc|iPhone.Deploy.0 = Ad-Hoc|iPhone
		{9BEF1091-7B23-4814-8AD8-0399B51BA06F}.Ad-Hoc|iPhoneSimulator.ActiveCfg = Ad-Hoc|iPhoneSimulator
		{9BEF1091-7B23-4814-8AD8-0399B51BA06F}.Ad-Hoc|iPhoneSimulator.Build.0 = Ad-Hoc|iPhoneSimulator
		{9BEF1091-7B23-4814-8AD8-0399B51BA06F}.Ad-Hoc|iPhoneSimulator.Deploy.0 = Ad-Hoc|iPhoneSimulator
		{9BEF1091-7B23-4814-8AD8-0399B51BA06F}.AppStore|Any CPU.ActiveCfg = AppStore|iPhone
		{9BEF1091-7B23-4814-8AD8-0399B51BA06F}.AppStore|Any CPU.Build.0 = AppStore|iPhone
		{9BEF1091-7B23-4814-8AD8-0399B51BA06F}.AppStore|Any CPU.Deploy.0 = AppStore|iPhone
		{9BEF1091-7B23-4814-8AD8-0399B51BA06F}.AppStore|iPhone.ActiveCfg = AppStore|iPhone
		{9BEF1091-7B23-4814-8AD8-0399B51BA06F}.AppStore|iPhone.Build.0 = AppStore|iPhone
		{9BEF1091-7B23-4814-8AD8-0399B51BA06F}.AppStore|iPhone.Deploy.0 = AppStore|iPhone
		{9BEF1091-7B23-4814-8AD8-0399B51BA06F}.AppStore|iPhoneSimulator.ActiveCfg = AppStore|iPhoneSimulator
		{9BEF1091-7B23-4814-8AD8-0399B51BA06F}.AppStore|iPhoneSimulator.Build.0 = AppStore|iPhoneSimulator
		{9BEF1091-7B23-4814-8AD8-0399B51BA06F}.AppStore|iPhoneSimulator.Deploy.0 = AppStore|iPhoneSimulator
		{9BEF1091-7B23-4814-8AD8-0399B51BA06F}.Debug|Any CPU.ActiveCfg = Debug|iPhoneSimulator
		{9BEF1091-7B23-4814-8AD8-0399B51BA06F}.Debug|Any CPU.Build.0 = Debug|iPhoneSimulator
		{9BEF1091-7B23-4814-8AD8-0399B51BA06F}.Debug|Any CPU.Deploy.0 = Debug|iPhoneSimulator
		{9BEF1091-7B23-4814-8AD8-0399B51BA06F}.Debug|iPhone.ActiveCfg = Debug|iPhone
		{9BEF1091-7B23-4814-8AD8-0399B51BA06F}.Debug|iPhone.Build.0 = Debug|iPhone
		{9BEF1091-7B23-4814-8AD8-0399B51BA06F}.Debug|iPhone.Deploy.0 = Debug|iPhone
		{9BEF1091-7B23-4814-8AD8-0399B51BA06F}.Debug|iPhoneSimulator.ActiveCfg = Debug|iPhoneSimulator
		{9BEF1091-7B23-4814-8AD8-0399B51BA06F}.Debug|iPhoneSimulator.Build.0 = Debug|iPhoneSimulator
		{9BEF1091-7B23-4814-8AD8-0399B51BA06F}.Debug|iPhoneSimulator.Deploy.0 = Debug|iPhoneSimulator
		{9BEF1091-7B23-4814-8AD8-0399B51BA06F}.Release|Any CPU.ActiveCfg = Release|iPhone
		{9BEF1091-7B23-4814-8AD8-0399B51BA06F}.Release|Any CPU.Build.0 = Release|iPhone
		{9BEF1091-7B23-4814-8AD8-0399B51BA06F}.Release|Any CPU.Deploy.0 = Release|iPhone
		{9BEF1091-7B23-4814-8AD8-0399B51BA06F}.Release|iPhone.ActiveCfg = Release|iPhone
		{9BEF1091-7B23-4814-8AD8-0399B51BA06F}.Release|iPhone.Build.0 = Release|iPhone
		{9BEF1091-7B23-4814-8AD8-0399B51BA06F}.Release|iPhone.Deploy.0 = Release|iPhone
		{9BEF1091-7B23-4814-8AD8-0399B51BA06F}.Release|iPhoneSimulator.ActiveCfg = Release|iPhoneSimulator
		{9BEF1091-7B23-4814-8AD8-0399B51BA06F}.Release|iPhoneSimulator.Build.0 = Release|iPhoneSimulator
		{9BEF1091-7B23-4814-8AD8-0399B51BA06F}.Release|iPhoneSimulator.Deploy.0 = Release|iPhoneSimulator
		{BDF4ACF1-2BE6-4F93-8827-35210BC787C0}.Ad-Hoc|Any CPU.ActiveCfg = Debug|Any CPU
		{BDF4ACF1-2BE6-4F93-8827-35210BC787C0}.Ad-Hoc|Any CPU.Build.0 = Debug|Any CPU
		{BDF4ACF1-2BE6-4F93-8827-35210BC787C0}.Ad-Hoc|Any CPU.Deploy.0 = Debug|Any CPU
		{BDF4ACF1-2BE6-4F93-8827-35210BC787C0}.Ad-Hoc|iPhone.ActiveCfg = Debug|Any CPU
		{BDF4ACF1-2BE6-4F93-8827-35210BC787C0}.Ad-Hoc|iPhone.Build.0 = Debug|Any CPU
		{BDF4ACF1-2BE6-4F93-8827-35210BC787C0}.Ad-Hoc|iPhone.Deploy.0 = Debug|Any CPU
		{BDF4ACF1-2BE6-4F93-8827-35210BC787C0}.Ad-Hoc|iPhoneSimulator.ActiveCfg = Debug|Any CPU
		{BDF4ACF1-2BE6-4F93-8827-35210BC787C0}.Ad-Hoc|iPhoneSimulator.Build.0 = Debug|Any CPU
		{BDF4ACF1-2BE6-4F93-8827-35210BC787C0}.Ad-Hoc|iPhoneSimulator.Deploy.0 = Debug|Any CPU
		{BDF4ACF1-2BE6-4F93-8827-35210BC787C0}.AppStore|Any CPU.ActiveCfg = Debug|Any CPU
		{BDF4ACF1-2BE6-4F93-8827-35210BC787C0}.AppStore|Any CPU.Build.0 = Debug|Any CPU
		{BDF4ACF1-2BE6-4F93-8827-35210BC787C0}.AppStore|Any CPU.Deploy.0 = Debug|Any CPU
		{BDF4ACF1-2BE6-4F93-8827-35210BC787C0}.AppStore|iPhone.ActiveCfg = Debug|Any CPU
		{BDF4ACF1-2BE6-4F93-8827-35210BC787C0}.AppStore|iPhone.Build.0 = Debug|Any CPU
		{BDF4ACF1-2BE6-4F93-8827-35210BC787C0}.AppStore|iPhone.Deploy.0 = Debug|Any CPU
		{BDF4ACF1-2BE6-4F93-8827-35210BC787C0}.AppStore|iPhoneSimulator.ActiveCfg = Debug|Any CPU
		{BDF4ACF1-2BE6-4F93-8827-35210BC787C0}.AppStore|iPhoneSimulator.Build.0 = Debug|Any CPU
		{BDF4ACF1-2BE6-4F93-8827-35210BC787C0}.AppStore|iPhoneSimulator.Deploy.0 = Debug|Any CPU
		{BDF4ACF1-2BE6-4F93-8827-35210BC787C0}.Debug|Any CPU.ActiveCfg = Debug|Any CPU
		{BDF4ACF1-2BE6-4F93-8827-35210BC787C0}.Debug|Any CPU.Build.0 = Debug|Any CPU
		{BDF4ACF1-2BE6-4F93-8827-35210BC787C0}.Debug|Any CPU.Deploy.0 = Debug|Any CPU
		{BDF4ACF1-2BE6-4F93-8827-35210BC787C0}.Debug|iPhone.ActiveCfg = Debug|Any CPU
		{BDF4ACF1-2BE6-4F93-8827-35210BC787C0}.Debug|iPhone.Build.0 = Debug|Any CPU
		{BDF4ACF1-2BE6-4F93-8827-35210BC787C0}.Debug|iPhone.Deploy.0 = Debug|Any CPU
		{BDF4ACF1-2BE6-4F93-8827-35210BC787C0}.Debug|iPhoneSimulator.ActiveCfg = Debug|Any CPU
		{BDF4ACF1-2BE6-4F93-8827-35210BC787C0}.Debug|iPhoneSimulator.Build.0 = Debug|Any CPU
		{BDF4ACF1-2BE6-4F93-8827-35210BC787C0}.Debug|iPhoneSimulator.Deploy.0 = Debug|Any CPU
		{BDF4ACF1-2BE6-4F93-8827-35210BC787C0}.Release|Any CPU.ActiveCfg = Release|Any CPU
		{BDF4ACF1-2BE6-4F93-8827-35210BC787C0}.Release|Any CPU.Build.0 = Release|Any CPU
		{BDF4ACF1-2BE6-4F93-8827-35210BC787C0}.Release|Any CPU.Deploy.0 = Release|Any CPU
		{BDF4ACF1-2BE6-4F93-8827-35210BC787C0}.Release|iPhone.ActiveCfg = Release|Any CPU
		{BDF4ACF1-2BE6-4F93-8827-35210BC787C0}.Release|iPhone.Build.0 = Release|Any CPU
		{BDF4ACF1-2BE6-4F93-8827-35210BC787C0}.Release|iPhone.Deploy.0 = Release|Any CPU
		{BDF4ACF1-2BE6-4F93-8827-35210BC787C0}.Release|iPhoneSimulator.ActiveCfg = Release|Any CPU
		{BDF4ACF1-2BE6-4F93-8827-35210BC787C0}.Release|iPhoneSimulator.Build.0 = Release|Any CPU
		{BDF4ACF1-2BE6-4F93-8827-35210BC787C0}.Release|iPhoneSimulator.Deploy.0 = Release|Any CPU
	EndGlobalSection
	GlobalSection(SolutionProperties) = preSolution
		HideSolutionNode = FALSE
	EndGlobalSection
	GlobalSection(ExtensibilityGlobals) = postSolution
		SolutionGuid = {5168A80B-64BC-46C7-9788-C7B4380C8C8A}
	EndGlobalSection
EndGlobal
